
Microsoft Visual Studio Solution File, Format Version 12.00
# Visual Studio Version 17
VisualStudioVersion = 17.8.34525.116
MinimumVisualStudioVersion = 10.0.40219.1
Project("{FAE04EC0-301F-11D3-BF4B-00C04F79EFBC}") = "Assignment1", "Assignment1\Assignment1.csproj", "{1CA4ADBE-934E-48F0-867C-3554B532F760}"
EndProject
Global
	GlobalSection(SolutionConfigurationPlatforms) = preSolution
		Debug|Any CPU = Debug|Any CPU
		Release|Any CPU = Release|Any CPU
	EndGlobalSection
	GlobalSection(ProjectConfigurationPlatforms) = postSolution
		{1CA4ADBE-934E-48F0-867C-3554B532F760}.Debug|Any CPU.ActiveCfg = Debug|Any CPU
		{1CA4ADBE-934E-48F0-867C-3554B532F760}.Debug|Any CPU.Build.0 = Debug|Any CPU
		{1CA4ADBE-934E-48F0-867C-3554B532F760}.Release|Any CPU.ActiveCfg = Release|Any CPU
		{1CA4ADBE-934E-48F0-867C-3554B532F760}.Release|Any CPU.Build.0 = Release|Any CPU
	EndGlobalSection
	GlobalSection(SolutionProperties) = preSolution
		HideSolutionNode = FALSE
	EndGlobalSection
	GlobalSection(ExtensibilityGlobals) = postSolution
		SolutionGuid = {276F2916-F82A-4AA2-9E00-218CB587D8F8}
	EndGlobalSection
EndGlobal
